
Microsoft Visual Studio Solution File, Format Version 12.00
# Visual Studio 15
VisualStudioVersion = 15.0.27703.2026
MinimumVisualStudioVersion = 10.0.40219.1
Project("{FAE04EC0-301F-11D3-BF4B-00C04F79EFBC}") = "TravelRecordApp.Android", "TravelRecordApp\TravelRecordApp.Android\TravelRecordApp.Android.csproj", "{A303E1F2-84BF-46C3-ABC9-5483BBBB9E75}"
EndProject
Project("{FAE04EC0-301F-11D3-BF4B-00C04F79EFBC}") = "TravelRecordApp.iOS", "TravelRecordApp\TravelRecordApp.iOS\TravelRecordApp.iOS.csproj", "{20053139-5B12-43C4-BEAB-F8315A966CAC}"
EndProject
Project("{9A19103F-16F7-4668-BE54-9A1E7A4F7556}") = "TravelRecordApp", "TravelRecordApp\TravelRecordApp\TravelRecordApp.csproj", "{DC16F0DD-7DEC-4482-BA4F-B80E78D65A69}"
EndProject
Global
	GlobalSection(SolutionConfigurationPlatforms) = preSolution
		Ad-Hoc|Any CPU = Ad-Hoc|Any CPU
		Ad-Hoc|ARM = Ad-Hoc|ARM
		Ad-Hoc|iPhone = Ad-Hoc|iPhone
		Ad-Hoc|iPhoneSimulator = Ad-Hoc|iPhoneSimulator
		Ad-Hoc|x64 = Ad-Hoc|x64
		Ad-Hoc|x86 = Ad-Hoc|x86
		AppStore|Any CPU = AppStore|Any CPU
		AppStore|ARM = AppStore|ARM
		AppStore|iPhone = AppStore|iPhone
		AppStore|iPhoneSimulator = AppStore|iPhoneSimulator
		AppStore|x64 = AppStore|x64
		AppStore|x86 = AppStore|x86
		Debug|Any CPU = Debug|Any CPU
		Debug|ARM = Debug|ARM
		Debug|iPhone = Debug|iPhone
		Debug|iPhoneSimulator = Debug|iPhoneSimulator
		Debug|x64 = Debug|x64
		Debug|x86 = Debug|x86
		Release|Any CPU = Release|Any CPU
		Release|ARM = Release|ARM
		Release|iPhone = Release|iPhone
		Release|iPhoneSimulator = Release|iPhoneSimulator
		Release|x64 = Release|x64
		Release|x86 = Release|x86
	EndGlobalSection
	GlobalSection(ProjectConfigurationPlatforms) = postSolution
		{A303E1F2-84BF-46C3-ABC9-5483BBBB9E75}.Ad-Hoc|Any CPU.ActiveCfg = Release|Any CPU
		{A303E1F2-84BF-46C3-ABC9-5483BBBB9E75}.Ad-Hoc|Any CPU.Build.0 = Release|Any CPU
		{A303E1F2-84BF-46C3-ABC9-5483BBBB9E75}.Ad-Hoc|Any CPU.Deploy.0 = Release|Any CPU
		{A303E1F2-84BF-46C3-ABC9-5483BBBB9E75}.Ad-Hoc|ARM.ActiveCfg = Release|Any CPU
		{A303E1F2-84BF-46C3-ABC9-5483BBBB9E75}.Ad-Hoc|ARM.Build.0 = Release|Any CPU
		{A303E1F2-84BF-46C3-ABC9-5483BBBB9E75}.Ad-Hoc|ARM.Deploy.0 = Release|Any CPU
		{A303E1F2-84BF-46C3-ABC9-5483BBBB9E75}.Ad-Hoc|iPhone.ActiveCfg = Release|Any CPU
		{A303E1F2-84BF-46C3-ABC9-5483BBBB9E75}.Ad-Hoc|iPhone.Build.0 = Release|Any CPU
		{A303E1F2-84BF-46C3-ABC9-5483BBBB9E75}.Ad-Hoc|iPhone.Deploy.0 = Release|Any CPU
		{A303E1F2-84BF-46C3-ABC9-5483BBBB9E75}.Ad-Hoc|iPhoneSimulator.ActiveCfg = Release|Any CPU
		{A303E1F2-84BF-46C3-ABC9-5483BBBB9E75}.Ad-Hoc|iPhoneSimulator.Build.0 = Release|Any CPU
		{A303E1F2-84BF-46C3-ABC9-5483BBBB9E75}.Ad-Hoc|iPhoneSimulator.Deploy.0 = Release|Any CPU
		{A303E1F2-84BF-46C3-ABC9-5483BBBB9E75}.Ad-Hoc|x64.ActiveCfg = Release|Any CPU
		{A303E1F2-84BF-46C3-ABC9-5483BBBB9E75}.Ad-Hoc|x64.Build.0 = Release|Any CPU
		{A303E1F2-84BF-46C3-ABC9-5483BBBB9E75}.Ad-Hoc|x64.Deploy.0 = Release|Any CPU
		{A303E1F2-84BF-46C3-ABC9-5483BBBB9E75}.Ad-Hoc|x86.ActiveCfg = Release|Any CPU
		{A303E1F2-84BF-46C3-ABC9-5483BBBB9E75}.Ad-Hoc|x86.Build.0 = Release|Any CPU
		{A303E1F2-84BF-46C3-ABC9-5483BBBB9E75}.Ad-Hoc|x86.Deploy.0 = Release|Any CPU
		{A303E1F2-84BF-46C3-ABC9-5483BBBB9E75}.AppStore|Any CPU.ActiveCfg = Release|Any CPU
		{A303E1F2-84BF-46C3-ABC9-5483BBBB9E75}.AppStore|Any CPU.Build.0 = Release|Any CPU
		{A303E1F2-84BF-46C3-ABC9-5483BBBB9E75}.AppStore|Any CPU.Deploy.0 = Release|Any CPU
		{A303E1F2-84BF-46C3-ABC9-5483BBBB9E75}.AppStore|ARM.ActiveCfg = Release|Any CPU
		{A303E1F2-84BF-46C3-ABC9-5483BBBB9E75}.AppStore|ARM.Build.0 = Release|Any CPU
		{A303E1F2-84BF-46C3-ABC9-5483BBBB9E75}.AppStore|ARM.Deploy.0 = Release|Any CPU
		{A303E1F2-84BF-46C3-ABC9-5483BBBB9E75}.AppStore|iPhone.ActiveCfg = Release|Any CPU
		{A303E1F2-84BF-46C3-ABC9-5483BBBB9E75}.AppStore|iPhone.Build.0 = Release|Any CPU
		{A303E1F2-84BF-46C3-ABC9-5483BBBB9E75}.AppStore|iPhone.Deploy.0 = Release|Any CPU
		{A303E1F2-84BF-46C3-ABC9-5483BBBB9E75}.AppStore|iPhoneSimulator.ActiveCfg = Release|Any CPU
		{A303E1F2-84BF-46C3-ABC9-5483BBBB9E75}.AppStore|iPhoneSimulator.Build.0 = Release|Any CPU
		{A303E1F2-84BF-46C3-ABC9-5483BBBB9E75}.AppStore|iPhoneSimulator.Deploy.0 = Release|Any CPU
		{A303E1F2-84BF-46C3-ABC9-5483BBBB9E75}.AppStore|x64.ActiveCfg = Release|Any CPU
		{A303E1F2-84BF-46C3-ABC9-5483BBBB9E75}.AppStore|x64.Build.0 = Release|Any CPU
		{A303E1F2-84BF-46C3-ABC9-5483BBBB9E75}.AppStore|x64.Deploy.0 = Release|Any CPU
		{A303E1F2-84BF-46C3-ABC9-5483BBBB9E75}.AppStore|x86.ActiveCfg = Release|Any CPU
		{A303E1F2-84BF-46C3-ABC9-5483BBBB9E75}.AppStore|x86.Build.0 = Release|Any CPU
		{A303E1F2-84BF-46C3-ABC9-5483BBBB9E75}.AppStore|x86.Deploy.0 = Release|Any CPU
		{A303E1F2-84BF-46C3-ABC9-5483BBBB9E75}.Debug|Any CPU.ActiveCfg = Debug|Any CPU
		{A303E1F2-84BF-46C3-ABC9-5483BBBB9E75}.Debug|Any CPU.Build.0 = Debug|Any CPU
		{A303E1F2-84BF-46C3-ABC9-5483BBBB9E75}.Debug|Any CPU.Deploy.0 = Debug|Any CPU
		{A303E1F2-84BF-46C3-ABC9-5483BBBB9E75}.Debug|ARM.ActiveCfg = Debug|Any CPU
		{A303E1F2-84BF-46C3-ABC9-5483BBBB9E75}.Debug|ARM.Build.0 = Debug|Any CPU
		{A303E1F2-84BF-46C3-ABC9-5483BBBB9E75}.Debug|ARM.Deploy.0 = Debug|Any CPU
		{A303E1F2-84BF-46C3-ABC9-5483BBBB9E75}.Debug|iPhone.ActiveCfg = Debug|Any CPU
		{A303E1F2-84BF-46C3-ABC9-5483BBBB9E75}.Debug|iPhone.Build.0 = Debug|Any CPU
		{A303E1F2-84BF-46C3-ABC9-5483BBBB9E75}.Debug|iPhone.Deploy.0 = Debug|Any CPU
		{A303E1F2-84BF-46C3-ABC9-5483BBBB9E75}.Debug|iPhoneSimulator.ActiveCfg = Debug|Any CPU
		{A303E1F2-84BF-46C3-ABC9-5483BBBB9E75}.Debug|iPhoneSimulator.Build.0 = Debug|Any CPU
		{A303E1F2-84BF-46C3-ABC9-5483BBBB9E75}.Debug|iPhoneSimulator.Deploy.0 = Debug|Any CPU
		{A303E1F2-84BF-46C3-ABC9-5483BBBB9E75}.Debug|x64.ActiveCfg = Debug|Any CPU
		{A303E1F2-84BF-46C3-ABC9-5483BBBB9E75}.Debug|x64.Build.0 = Debug|Any CPU
		{A303E1F2-84BF-46C3-ABC9-5483BBBB9E75}.Debug|x64.Deploy.0 = Debug|Any CPU
		{A303E1F2-84BF-46C3-ABC9-5483BBBB9E75}.Debug|x86.ActiveCfg = Debug|Any CPU
		{A303E1F2-84BF-46C3-ABC9-5483BBBB9E75}.Debug|x86.Build.0 = Debug|Any CPU
		{A303E1F2-84BF-46C3-ABC9-5483BBBB9E75}.Debug|x86.Deploy.0 = Debug|Any CPU
		{A303E1F2-84BF-46C3-ABC9-5483BBBB9E75}.Release|Any CPU.ActiveCfg = Release|Any CPU
		{A303E1F2-84BF-46C3-ABC9-5483BBBB9E75}.Release|Any CPU.Build.0 = Release|Any CPU
		{A303E1F2-84BF-46C3-ABC9-5483BBBB9E75}.Release|Any CPU.Deploy.0 = Release|Any CPU
		{A303E1F2-84BF-46C3-ABC9-5483BBBB9E75}.Release|ARM.ActiveCfg = Release|Any CPU
		{A303E1F2-84BF-46C3-ABC9-5483BBBB9E75}.Release|ARM.Build.0 = Release|Any CPU
		{A303E1F2-84BF-46C3-ABC9-5483BBBB9E75}.Release|ARM.Deploy.0 = Release|Any CPU
		{A303E1F2-84BF-46C3-ABC9-5483BBBB9E75}.Release|iPhone.ActiveCfg = Release|Any CPU
		{A303E1F2-84BF-46C3-ABC9-5483BBBB9E75}.Release|iPhone.Build.0 = Release|Any CPU
		{A303E1F2-84BF-46C3-ABC9-5483BBBB9E75}.Release|iPhone.Deploy.0 = Release|Any CPU
		{A303E1F2-84BF-46C3-ABC9-5483BBBB9E75}.Release|iPhoneSimulator.ActiveCfg = Release|Any CPU
		{A303E1F2-84BF-46C3-ABC9-5483BBBB9E75}.Release|iPhoneSimulator.Build.0 = Release|Any CPU
		{A303E1F2-84BF-46C3-ABC9-5483BBBB9E75}.Release|iPhoneSimulator.Deploy.0 = Release|Any CPU
		{A303E1F2-84BF-46C3-ABC9-5483BBBB9E75}.Release|x64.ActiveCfg = Release|Any CPU
		{A303E1F2-84BF-46C3-ABC9-5483BBBB9E75}.Release|x64.Build.0 = Release|Any CPU
		{A303E1F2-84BF-46C3-ABC9-5483BBBB9E75}.Release|x64.Deploy.0 = Release|Any CPU
		{A303E1F2-84BF-46C3-ABC9-5483BBBB9E75}.Release|x86.ActiveCfg = Release|Any CPU
		{A303E1F2-84BF-46C3-ABC9-5483BBBB9E75}.Release|x86.Build.0 = Release|Any CPU
		{A303E1F2-84BF-46C3-ABC9-5483BBBB9E75}.Release|x86.Deploy.0 = Release|Any CPU
		{20053139-5B12-43C4-BEAB-F8315A966CAC}.Ad-Hoc|Any CPU.ActiveCfg = Ad-Hoc|iPhone
		{20053139-5B12-43C4-BEAB-F8315A966CAC}.Ad-Hoc|Any CPU.Build.0 = Ad-Hoc|iPhone
		{20053139-5B12-43C4-BEAB-F8315A966CAC}.Ad-Hoc|Any CPU.Deploy.0 = Ad-Hoc|iPhone
		{20053139-5B12-43C4-BEAB-F8315A966CAC}.Ad-Hoc|ARM.ActiveCfg = Ad-Hoc|iPhone
		{20053139-5B12-43C4-BEAB-F8315A966CAC}.Ad-Hoc|ARM.Build.0 = Ad-Hoc|iPhone
		{20053139-5B12-43C4-BEAB-F8315A966CAC}.Ad-Hoc|ARM.Deploy.0 = Ad-Hoc|iPhone
		{20053139-5B12-43C4-BEAB-F8315A966CAC}.Ad-Hoc|iPhone.ActiveCfg = Ad-Hoc|iPhone
		{20053139-5B12-43C4-BEAB-F8315A966CAC}.Ad-Hoc|iPhone.Build.0 = Ad-Hoc|iPhone
		{20053139-5B12-43C4-BEAB-F8315A966CAC}.Ad-Hoc|iPhone.Deploy.0 = Ad-Hoc|iPhone
		{20053139-5B12-43C4-BEAB-F8315A966CAC}.Ad-Hoc|iPhoneSimulator.ActiveCfg = Ad-Hoc|iPhoneSimulator
		{20053139-5B12-43C4-BEAB-F8315A966CAC}.Ad-Hoc|iPhoneSimulator.Build.0 = Ad-Hoc|iPhoneSimulator
		{20053139-5B12-43C4-BEAB-F8315A966CAC}.Ad-Hoc|iPhoneSimulator.Deploy.0 = Ad-Hoc|iPhoneSimulator
		{20053139-5B12-43C4-BEAB-F8315A966CAC}.Ad-Hoc|x64.ActiveCfg = Ad-Hoc|iPhone
		{20053139-5B12-43C4-BEAB-F8315A966CAC}.Ad-Hoc|x64.Build.0 = Ad-Hoc|iPhone
		{20053139-5B12-43C4-BEAB-F8315A966CAC}.Ad-Hoc|x64.Deploy.0 = Ad-Hoc|iPhone
		{20053139-5B12-43C4-BEAB-F8315A966CAC}.Ad-Hoc|x86.ActiveCfg = Ad-Hoc|iPhone
		{20053139-5B12-43C4-BEAB-F8315A966CAC}.Ad-Hoc|x86.Build.0 = Ad-Hoc|iPhone
		{20053139-5B12-43C4-BEAB-F8315A966CAC}.Ad-Hoc|x86.Deploy.0 = Ad-Hoc|iPhone
		{20053139-5B12-43C4-BEAB-F8315A966CAC}.AppStore|Any CPU.ActiveCfg = AppStore|iPhone
		{20053139-5B12-43C4-BEAB-F8315A966CAC}.AppStore|Any CPU.Build.0 = AppStore|iPhone
		{20053139-5B12-43C4-BEAB-F8315A966CAC}.AppStore|Any CPU.Deploy.0 = AppStore|iPhone
		{20053139-5B12-43C4-BEAB-F8315A966CAC}.AppStore|ARM.ActiveCfg = AppStore|iPhone
		{20053139-5B12-43C4-BEAB-F8315A966CAC}.AppStore|ARM.Build.0 = AppStore|iPhone
		{20053139-5B12-43C4-BEAB-F8315A966CAC}.AppStore|ARM.Deploy.0 = AppStore|iPhone
		{20053139-5B12-43C4-BEAB-F8315A966CAC}.AppStore|iPhone.ActiveCfg = AppStore|iPhone
		{20053139-5B12-43C4-BEAB-F8315A966CAC}.AppStore|iPhone.Build.0 = AppStore|iPhone
		{20053139-5B12-43C4-BEAB-F8315A966CAC}.AppStore|iPhone.Deploy.0 = AppStore|iPhone
		{20053139-5B12-43C4-BEAB-F8315A966CAC}.AppStore|iPhoneSimulator.ActiveCfg = AppStore|iPhoneSimulator
		{20053139-5B12-43C4-BEAB-F8315A966CAC}.AppStore|iPhoneSimulator.Build.0 = AppStore|iPhoneSimulator
		{20053139-5B12-43C4-BEAB-F8315A966CAC}.AppStore|iPhoneSimulator.Deploy.0 = AppStore|iPhoneSimulator
		{20053139-5B12-43C4-BEAB-F8315A966CAC}.AppStore|x64.ActiveCfg = AppStore|iPhone
		{20053139-5B12-43C4-BEAB-F8315A966CAC}.AppStore|x64.Build.0 = AppStore|iPhone
		{20053139-5B12-43C4-BEAB-F8315A966CAC}.AppStore|x64.Deploy.0 = AppStore|iPhone
		{20053139-5B12-43C4-BEAB-F8315A966CAC}.AppStore|x86.ActiveCfg = AppStore|iPhone
		{20053139-5B12-43C4-BEAB-F8315A966CAC}.AppStore|x86.Build.0 = AppStore|iPhone
		{20053139-5B12-43C4-BEAB-F8315A966CAC}.AppStore|x86.Deploy.0 = AppStore|iPhone
		{20053139-5B12-43C4-BEAB-F8315A966CAC}.Debug|Any CPU.ActiveCfg = Debug|iPhoneSimulator
		{20053139-5B12-43C4-BEAB-F8315A966CAC}.Debug|Any CPU.Build.0 = Debug|iPhoneSimulator
		{20053139-5B12-43C4-BEAB-F8315A966CAC}.Debug|Any CPU.Deploy.0 = Debug|iPhoneSimulator
		{20053139-5B12-43C4-BEAB-F8315A966CAC}.Debug|ARM.ActiveCfg = Debug|iPhone
		{20053139-5B12-43C4-BEAB-F8315A966CAC}.Debug|ARM.Build.0 = Debug|iPhone
		{20053139-5B12-43C4-BEAB-F8315A966CAC}.Debug|ARM.Deploy.0 = Debug|iPhone
		{20053139-5B12-43C4-BEAB-F8315A966CAC}.Debug|iPhone.ActiveCfg = Debug|iPhone
		{20053139-5B12-43C4-BEAB-F8315A966CAC}.Debug|iPhone.Build.0 = Debug|iPhone
		{20053139-5B12-43C4-BEAB-F8315A966CAC}.Debug|iPhone.Deploy.0 = Debug|iPhone
		{20053139-5B12-43C4-BEAB-F8315A966CAC}.Debug|iPhoneSimulator.ActiveCfg = Debug|iPhoneSimulator
		{20053139-5B12-43C4-BEAB-F8315A966CAC}.Debug|iPhoneSimulator.Build.0 = Debug|iPhoneSimulator
		{20053139-5B12-43C4-BEAB-F8315A966CAC}.Debug|iPhoneSimulator.Deploy.0 = Debug|iPhoneSimulator
		{20053139-5B12-43C4-BEAB-F8315A966CAC}.Debug|x64.ActiveCfg = Debug|iPhone
		{20053139-5B12-43C4-BEAB-F8315A966CAC}.Debug|x64.Build.0 = Debug|iPhone
		{20053139-5B12-43C4-BEAB-F8315A966CAC}.Debug|x64.Deploy.0 = Debug|iPhone
		{20053139-5B12-43C4-BEAB-F8315A966CAC}.Debug|x86.ActiveCfg = Debug|iPhone
		{20053139-5B12-43C4-BEAB-F8315A966CAC}.Debug|x86.Build.0 = Debug|iPhone
		{20053139-5B12-43C4-BEAB-F8315A966CAC}.Debug|x86.Deploy.0 = Debug|iPhone
		{20053139-5B12-43C4-BEAB-F8315A966CAC}.Release|Any CPU.ActiveCfg = Release|iPhone
		{20053139-5B12-43C4-BEAB-F8315A966CAC}.Release|Any CPU.Build.0 = Release|iPhone
		{20053139-5B12-43C4-BEAB-F8315A966CAC}.Release|Any CPU.Deploy.0 = Release|iPhone
		{20053139-5B12-43C4-BEAB-F8315A966CAC}.Release|ARM.ActiveCfg = Release|iPhone
		{20053139-5B12-43C4-BEAB-F8315A966CAC}.Release|ARM.Build.0 = Release|iPhone
		{20053139-5B12-43C4-BEAB-F8315A966CAC}.Release|ARM.Deploy.0 = Release|iPhone
		{20053139-5B12-43C4-BEAB-F8315A966CAC}.Release|iPhone.ActiveCfg = Release|iPhone
		{20053139-5B12-43C4-BEAB-F8315A966CAC}.Release|iPhone.Build.0 = Release|iPhone
		{20053139-5B12-43C4-BEAB-F8315A966CAC}.Release|iPhone.Deploy.0 = Release|iPhone
		{20053139-5B12-43C4-BEAB-F8315A966CAC}.Release|iPhoneSimulator.ActiveCfg = Release|iPhoneSimulator
		{20053139-5B12-43C4-BEAB-F8315A966CAC}.Release|iPhoneSimulator.Build.0 = Release|iPhoneSimulator
		{20053139-5B12-43C4-BEAB-F8315A966CAC}.Release|iPhoneSimulator.Deploy.0 = Release|iPhoneSimulator
		{20053139-5B12-43C4-BEAB-F8315A966CAC}.Release|x64.ActiveCfg = Release|iPhone
		{20053139-5B12-43C4-BEAB-F8315A966CAC}.Release|x64.Build.0 = Release|iPhone
		{20053139-5B12-43C4-BEAB-F8315A966CAC}.Release|x64.Deploy.0 = Release|iPhone
		{20053139-5B12-43C4-BEAB-F8315A966CAC}.Release|x86.ActiveCfg = Release|iPhone
		{20053139-5B12-43C4-BEAB-F8315A966CAC}.Release|x86.Build.0 = Release|iPhone
		{20053139-5B12-43C4-BEAB-F8315A966CAC}.Release|x86.Deploy.0 = Release|iPhone
		{DC16F0DD-7DEC-4482-BA4F-B80E78D65A69}.Ad-Hoc|Any CPU.ActiveCfg = Debug|Any CPU
		{DC16F0DD-7DEC-4482-BA4F-B80E78D65A69}.Ad-Hoc|Any CPU.Build.0 = Debug|Any CPU
		{DC16F0DD-7DEC-4482-BA4F-B80E78D65A69}.Ad-Hoc|Any CPU.Deploy.0 = Debug|Any CPU
		{DC16F0DD-7DEC-4482-BA4F-B80E78D65A69}.Ad-Hoc|ARM.ActiveCfg = Debug|Any CPU
		{DC16F0DD-7DEC-4482-BA4F-B80E78D65A69}.Ad-Hoc|ARM.Build.0 = Debug|Any CPU
		{DC16F0DD-7DEC-4482-BA4F-B80E78D65A69}.Ad-Hoc|ARM.Deploy.0 = Debug|Any CPU
		{DC16F0DD-7DEC-4482-BA4F-B80E78D65A69}.Ad-Hoc|iPhone.ActiveCfg = Debug|Any CPU
		{DC16F0DD-7DEC-4482-BA4F-B80E78D65A69}.Ad-Hoc|iPhone.Build.0 = Debug|Any CPU
		{DC16F0DD-7DEC-4482-BA4F-B80E78D65A69}.Ad-Hoc|iPhone.Deploy.0 = Debug|Any CPU
		{DC16F0DD-7DEC-4482-BA4F-B80E78D65A69}.Ad-Hoc|iPhoneSimulator.ActiveCfg = Debug|Any CPU
		{DC16F0DD-7DEC-4482-BA4F-B80E78D65A69}.Ad-Hoc|iPhoneSimulator.Build.0 = Debug|Any CPU
		{DC16F0DD-7DEC-4482-BA4F-B80E78D65A69}.Ad-Hoc|iPhoneSimulator.Deploy.0 = Debug|Any CPU
		{DC16F0DD-7DEC-4482-BA4F-B80E78D65A69}.Ad-Hoc|x64.ActiveCfg = Debug|Any CPU
		{DC16F0DD-7DEC-4482-BA4F-B80E78D65A69}.Ad-Hoc|x64.Build.0 = Debug|Any CPU
		{DC16F0DD-7DEC-4482-BA4F-B80E78D65A69}.Ad-Hoc|x64.Deploy.0 = Debug|Any CPU
		{DC16F0DD-7DEC-4482-BA4F-B80E78D65A69}.Ad-Hoc|x86.ActiveCfg = Debug|Any CPU
		{DC16F0DD-7DEC-4482-BA4F-B80E78D65A69}.Ad-Hoc|x86.Build.0 = Debug|Any CPU
		{DC16F0DD-7DEC-4482-BA4F-B80E78D65A69}.Ad-Hoc|x86.Deploy.0 = Debug|Any CPU
		{DC16F0DD-7DEC-4482-BA4F-B80E78D65A69}.AppStore|Any CPU.ActiveCfg = Debug|Any CPU
		{DC16F0DD-7DEC-4482-BA4F-B80E78D65A69}.AppStore|Any CPU.Build.0 = Debug|Any CPU
		{DC16F0DD-7DEC-4482-BA4F-B80E78D65A69}.AppStore|Any CPU.Deploy.0 = Debug|Any CPU
		{DC16F0DD-7DEC-4482-BA4F-B80E78D65A69}.AppStore|ARM.ActiveCfg = Debug|Any CPU
		{DC16F0DD-7DEC-4482-BA4F-B80E78D65A69}.AppStore|ARM.Build.0 = Debug|Any CPU
		{DC16F0DD-7DEC-4482-BA4F-B80E78D65A69}.AppStore|ARM.Deploy.0 = Debug|Any CPU
		{DC16F0DD-7DEC-4482-BA4F-B80E78D65A69}.AppStore|iPhone.ActiveCfg = Debug|Any CPU
		{DC16F0DD-7DEC-4482-BA4F-B80E78D65A69}.AppStore|iPhone.Build.0 = Debug|Any CPU
		{DC16F0DD-7DEC-4482-BA4F-B80E78D65A69}.AppStore|iPhone.Deploy.0 = Debug|Any CPU
		{DC16F0DD-7DEC-4482-BA4F-B80E78D65A69}.AppStore|iPhoneSimulator.ActiveCfg = Debug|Any CPU
		{DC16F0DD-7DEC-4482-BA4F-B80E78D65A69}.AppStore|iPhoneSimulator.Build.0 = Debug|Any CPU
		{DC16F0DD-7DEC-4482-BA4F-B80E78D65A69}.AppStore|iPhoneSimulator.Deploy.0 = Debug|Any CPU
		{DC16F0DD-7DEC-4482-BA4F-B80E78D65A69}.AppStore|x64.ActiveCfg = Debug|Any CPU
		{DC16F0DD-7DEC-4482-BA4F-B80E78D65A69}.AppStore|x64.Build.0 = Debug|Any CPU
		{DC16F0DD-7DEC-4482-BA4F-B80E78D65A69}.AppStore|x64.Deploy.0 = Debug|Any CPU
		{DC16F0DD-7DEC-4482-BA4F-B80E78D65A69}.AppStore|x86.ActiveCfg = Debug|Any CPU
		{DC16F0DD-7DEC-4482-BA4F-B80E78D65A69}.AppStore|x86.Build.0 = Debug|Any CPU
		{DC16F0DD-7DEC-4482-BA4F-B80E78D65A69}.AppStore|x86.Deploy.0 = Debug|Any CPU
		{DC16F0DD-7DEC-4482-BA4F-B80E78D65A69}.Debug|Any CPU.ActiveCfg = Debug|Any CPU
		{DC16F0DD-7DEC-4482-BA4F-B80E78D65A69}.Debug|Any CPU.Build.0 = Debug|Any CPU
		{DC16F0DD-7DEC-4482-BA4F-B80E78D65A69}.Debug|Any CPU.Deploy.0 = Debug|Any CPU
		{DC16F0DD-7DEC-4482-BA4F-B80E78D65A69}.Debug|ARM.ActiveCfg = Debug|Any CPU
		{DC16F0DD-7DEC-4482-BA4F-B80E78D65A69}.Debug|ARM.Build.0 = Debug|Any CPU
		{DC16F0DD-7DEC-4482-BA4F-B80E78D65A69}.Debug|ARM.Deploy.0 = Debug|Any CPU
		{DC16F0DD-7DEC-4482-BA4F-B80E78D65A69}.Debug|iPhone.ActiveCfg = Debug|Any CPU
		{DC16F0DD-7DEC-4482-BA4F-B80E78D65A69}.Debug|iPhone.Build.0 = Debug|Any CPU
		{DC16F0DD-7DEC-4482-BA4F-B80E78D65A69}.Debug|iPhone.Deploy.0 = Debug|Any CPU
		{DC16F0DD-7DEC-4482-BA4F-B80E78D65A69}.Debug|iPhoneSimulator.ActiveCfg = Debug|Any CPU
		{DC16F0DD-7DEC-4482-BA4F-B80E78D65A69}.Debug|iPhoneSimulator.Build.0 = Debug|Any CPU
		{DC16F0DD-7DEC-4482-BA4F-B80E78D65A69}.Debug|iPhoneSimulator.Deploy.0 = Debug|Any CPU
		{DC16F0DD-7DEC-4482-BA4F-B80E78D65A69}.Debug|x64.ActiveCfg = Debug|Any CPU
		{DC16F0DD-7DEC-4482-BA4F-B80E78D65A69}.Debug|x64.Build.0 = Debug|Any CPU
		{DC16F0DD-7DEC-4482-BA4F-B80E78D65A69}.Debug|x64.Deploy.0 = Debug|Any CPU
		{DC16F0DD-7DEC-4482-BA4F-B80E78D65A69}.Debug|x86.ActiveCfg = Debug|Any CPU
		{DC16F0DD-7DEC-4482-BA4F-B80E78D65A69}.Debug|x86.Build.0 = Debug|Any CPU
		{DC16F0DD-7DEC-4482-BA4F-B80E78D65A69}.Debug|x86.Deploy.0 = Debug|Any CPU
		{DC16F0DD-7DEC-4482-BA4F-B80E78D65A69}.Release|Any CPU.ActiveCfg = Release|Any CPU
		{DC16F0DD-7DEC-4482-BA4F-B80E78D65A69}.Release|Any CPU.Build.0 = Release|Any CPU
		{DC16F0DD-7DEC-4482-BA4F-B80E78D65A69}.Release|Any CPU.Deploy.0 = Release|Any CPU
		{DC16F0DD-7DEC-4482-BA4F-B80E78D65A69}.Release|ARM.ActiveCfg = Release|Any CPU
		{DC16F0DD-7DEC-4482-BA4F-B80E78D65A69}.Release|ARM.Build.0 = Release|Any CPU
		{DC16F0DD-7DEC-4482-BA4F-B80E78D65A69}.Release|ARM.Deploy.0 = Release|Any CPU
		{DC16F0DD-7DEC-4482-BA4F-B80E78D65A69}.Release|iPhone.ActiveCfg = Release|Any CPU
		{DC16F0DD-7DEC-4482-BA4F-B80E78D65A69}.Release|iPhone.Build.0 = Release|Any CPU
		{DC16F0DD-7DEC-4482-BA4F-B80E78D65A69}.Release|iPhone.Deploy.0 = Release|Any CPU
		{DC16F0DD-7DEC-4482-BA4F-B80E78D65A69}.Release|iPhoneSimulator.ActiveCfg = Release|Any CPU
		{DC16F0DD-7DEC-4482-BA4F-B80E78D65A69}.Release|iPhoneSimulator.Build.0 = Release|Any CPU
		{DC16F0DD-7DEC-4482-BA4F-B80E78D65A69}.Release|iPhoneSimulator.Deploy.0 = Release|Any CPU
		{DC16F0DD-7DEC-4482-BA4F-B80E78D65A69}.Release|x64.ActiveCfg = Release|Any CPU
		{DC16F0DD-7DEC-4482-BA4F-B80E78D65A69}.Release|x64.Build.0 = Release|Any CPU
		{DC16F0DD-7DEC-4482-BA4F-B80E78D65A69}.Release|x64.Deploy.0 = Release|Any CPU
		{DC16F0DD-7DEC-4482-BA4F-B80E78D65A69}.Release|x86.ActiveCfg = Release|Any CPU
		{DC16F0DD-7DEC-4482-BA4F-B80E78D65A69}.Release|x86.Build.0 = Release|Any CPU
		{DC16F0DD-7DEC-4482-BA4F-B80E78D65A69}.Release|x86.Deploy.0 = Release|Any CPU
	EndGlobalSection
	GlobalSection(SolutionProperties) = preSolution
		HideSolutionNode = FALSE
	EndGlobalSection
	GlobalSection(ExtensibilityGlobals) = postSolution
		SolutionGuid = {94C3D357-7F0A-4006-8071-2656DD5A80D9}
	EndGlobalSection
EndGlobal
